
Microsoft Visual Studio Solution File, Format Version 12.00
# Visual Studio 15
VisualStudioVersion = 15.0.28010.2016
MinimumVisualStudioVersion = 10.0.40219.1
Project("{FAE04EC0-301F-11D3-BF4B-00C04F79EFBC}") = "DPH", "DPH\DPH.csproj", "{4933899F-FDEF-4954-A398-6AAA4B0222D0}"
EndProject
Global
	GlobalSection(SolutionConfigurationPlatforms) = preSolution
		Debug|Any CPU = Debug|Any CPU
		Release|Any CPU = Release|Any CPU
	EndGlobalSection
	GlobalSection(ProjectConfigurationPlatforms) = postSolution
		{4933899F-FDEF-4954-A398-6AAA4B0222D0}.Debug|Any CPU.ActiveCfg = Debug|Any CPU
		{4933899F-FDEF-4954-A398-6AAA4B0222D0}.Debug|Any CPU.Build.0 = Debug|Any CPU
		{4933899F-FDEF-4954-A398-6AAA4B0222D0}.Release|Any CPU.ActiveCfg = Release|Any CPU
		{4933899F-FDEF-4954-A398-6AAA4B0222D0}.Release|Any CPU.Build.0 = Release|Any CPU
	EndGlobalSection
	GlobalSection(SolutionProperties) = preSolution
		HideSolutionNode = FALSE
	EndGlobalSection
	GlobalSection(ExtensibilityGlobals) = postSolution
		SolutionGuid = {3407AE82-DACC-4B9D-8DDC-B701925E9B91}
	EndGlobalSection
EndGlobal
